
Microsoft Visual Studio Solution File, Format Version 12.00
# Visual Studio Version 16
VisualStudioVersion = 16.0.31424.327
MinimumVisualStudioVersion = 10.0.40219.1
Project("{FAE04EC0-301F-11D3-BF4B-00C04F79EFBC}") = "my-book", "my-book.csproj", "{8595F6A2-B408-46F1-A5C8-A189A2AD4057}"
EndProject
Global
	GlobalSection(SolutionConfigurationPlatforms) = preSolution
		Debug|Any CPU = Debug|Any CPU
		Release|Any CPU = Release|Any CPU
	EndGlobalSection
	GlobalSection(ProjectConfigurationPlatforms) = postSolution
		{8595F6A2-B408-46F1-A5C8-A189A2AD4057}.Debug|Any CPU.ActiveCfg = Debug|Any CPU
		{8595F6A2-B408-46F1-A5C8-A189A2AD4057}.Debug|Any CPU.Build.0 = Debug|Any CPU
		{8595F6A2-B408-46F1-A5C8-A189A2AD4057}.Release|Any CPU.ActiveCfg = Release|Any CPU
		{8595F6A2-B408-46F1-A5C8-A189A2AD4057}.Release|Any CPU.Build.0 = Release|Any CPU
	EndGlobalSection
	GlobalSection(SolutionProperties) = preSolution
		HideSolutionNode = FALSE
	EndGlobalSection
	GlobalSection(ExtensibilityGlobals) = postSolution
		SolutionGuid = {1B46A664-53AB-4CA7-9CBA-4AE511A4482E}
	EndGlobalSection
EndGlobal
